
Microsoft Visual Studio Solution File, Format Version 12.00
# Visual Studio Version 16
VisualStudioVersion = 16.0.31729.503
MinimumVisualStudioVersion = 10.0.40219.1
Project("{FAE04EC0-301F-11D3-BF4B-00C04F79EFBC}") = "PROJET FINAL - API", "PROJET FINAL - API\PROJET FINAL - API.csproj", "{7769AEB3-FEB3-41E3-8F96-9E80CB143201}"
EndProject
Global
	GlobalSection(SolutionConfigurationPlatforms) = preSolution
		Debug|Any CPU = Debug|Any CPU
		Release|Any CPU = Release|Any CPU
	EndGlobalSection
	GlobalSection(ProjectConfigurationPlatforms) = postSolution
		{7769AEB3-FEB3-41E3-8F96-9E80CB143201}.Debug|Any CPU.ActiveCfg = Debug|Any CPU
		{7769AEB3-FEB3-41E3-8F96-9E80CB143201}.Debug|Any CPU.Build.0 = Debug|Any CPU
		{7769AEB3-FEB3-41E3-8F96-9E80CB143201}.Release|Any CPU.ActiveCfg = Release|Any CPU
		{7769AEB3-FEB3-41E3-8F96-9E80CB143201}.Release|Any CPU.Build.0 = Release|Any CPU
	EndGlobalSection
	GlobalSection(SolutionProperties) = preSolution
		HideSolutionNode = FALSE
	EndGlobalSection
	GlobalSection(ExtensibilityGlobals) = postSolution
		SolutionGuid = {1E28485F-3647-41EB-B4BA-D498A8B860C8}
	EndGlobalSection
EndGlobal
